
Microsoft Visual Studio Solution File, Format Version 11.00
# Visual Studio 2010
Project("{FAE04EC0-301F-11D3-BF4B-00C04F79EFBC}") = "SSIS_API", "SSIS_API\SSIS_API.csproj", "{850008FC-37BF-446A-B387-A057BDAEBDDF}"
EndProject
Global
	GlobalSection(SolutionConfigurationPlatforms) = preSolution
		Debug|x86 = Debug|x86
		Release|x86 = Release|x86
	EndGlobalSection
	GlobalSection(ProjectConfigurationPlatforms) = postSolution
		{850008FC-37BF-446A-B387-A057BDAEBDDF}.Debug|x86.ActiveCfg = Debug|x86
		{850008FC-37BF-446A-B387-A057BDAEBDDF}.Debug|x86.Build.0 = Debug|x86
		{850008FC-37BF-446A-B387-A057BDAEBDDF}.Release|x86.ActiveCfg = Release|x86
		{850008FC-37BF-446A-B387-A057BDAEBDDF}.Release|x86.Build.0 = Release|x86
	EndGlobalSection
	GlobalSection(SolutionProperties) = preSolution
		HideSolutionNode = FALSE
	EndGlobalSection
EndGlobal
